
Microsoft Visual Studio Solution File, Format Version 12.00
# Visual Studio Version 17
VisualStudioVersion = 17.11.35222.181
MinimumVisualStudioVersion = 10.0.40219.1
Project("{8BC9CEB8-8B4A-11D0-8D11-00A0C91BC942}") = "Eter", "Eter\Eter.vcxproj", "{0ACB54D3-6D01-4E18-8969-6DC181E945AB}"
EndProject
Project("{8BC9CEB8-8B4A-11D0-8D11-00A0C91BC942}") = "Cards", "Cards\Cards.vcxproj", "{EDC3A99E-AB2D-411B-865C-7266EEBB8AE8}"
EndProject
Global
	GlobalSection(SolutionConfigurationPlatforms) = preSolution
		Debug|x64 = Debug|x64
		Release|x64 = Release|x64
	EndGlobalSection
	GlobalSection(ProjectConfigurationPlatforms) = postSolution
		{0ACB54D3-6D01-4E18-8969-6DC181E945AB}.Debug|x64.ActiveCfg = Debug|x64
		{0ACB54D3-6D01-4E18-8969-6DC181E945AB}.Debug|x64.Build.0 = Debug|x64
		{0ACB54D3-6D01-4E18-8969-6DC181E945AB}.Release|x64.ActiveCfg = Release|x64
		{0ACB54D3-6D01-4E18-8969-6DC181E945AB}.Release|x64.Build.0 = Release|x64
		{EDC3A99E-AB2D-411B-865C-7266EEBB8AE8}.Debug|x64.ActiveCfg = Debug|x64
		{EDC3A99E-AB2D-411B-865C-7266EEBB8AE8}.Debug|x64.Build.0 = Debug|x64
		{EDC3A99E-AB2D-411B-865C-7266EEBB8AE8}.Release|x64.ActiveCfg = Release|x64
		{EDC3A99E-AB2D-411B-865C-7266EEBB8AE8}.Release|x64.Build.0 = Release|x64
	EndGlobalSection
	GlobalSection(SolutionProperties) = preSolution
		HideSolutionNode = FALSE
	EndGlobalSection
	GlobalSection(ExtensibilityGlobals) = postSolution
		SolutionGuid = {8CE5FB91-9886-432A-824F-9CA9521C3F36}
	EndGlobalSection
EndGlobal
